<Solution>
  <Project Path="Ejercicio1/Ejercicio1.csproj" Id="123d5539-a7af-40b0-bcc9-94e608642e6e" />
  <Project Path="Ejercicio2/Ejercicio2.csproj" Id="9242eaa0-7020-4acd-be9a-b0167f430259" />
  <Project Path="Ejercicio3/Ejercicio3.csproj" Id="2c1ac280-b982-4e34-8da1-4466ca66d3db" />
  <Project Path="Ejercicio4/Ejercicio4.csproj" Id="78df708f-668a-4fc3-8e92-ffa53ee86f4a" />
  <Project Path="Ejercicio5/Ejercicio5.csproj" Id="56843bea-0057-4884-867f-a472a3eb495f" />
</Solution>
